
Microsoft Visual Studio Solution File, Format Version 12.00
# Visual Studio Version 17
VisualStudioVersion = 17.11.35312.102
MinimumVisualStudioVersion = 10.0.40219.1
Project("{FAE04EC0-301F-11D3-BF4B-00C04F79EFBC}") = "WebServiceProjecte", "WebServiceProjecte.csproj", "{07E9C3C9-8778-4C5B-999D-60643934B1C8}"
EndProject
Global
	GlobalSection(SolutionConfigurationPlatforms) = preSolution
		Debug|Any CPU = Debug|Any CPU
		Release|Any CPU = Release|Any CPU
	EndGlobalSection
	GlobalSection(ProjectConfigurationPlatforms) = postSolution
		{07E9C3C9-8778-4C5B-999D-60643934B1C8}.Debug|Any CPU.ActiveCfg = Debug|Any CPU
		{07E9C3C9-8778-4C5B-999D-60643934B1C8}.Debug|Any CPU.Build.0 = Debug|Any CPU
		{07E9C3C9-8778-4C5B-999D-60643934B1C8}.Release|Any CPU.ActiveCfg = Release|Any CPU
		{07E9C3C9-8778-4C5B-999D-60643934B1C8}.Release|Any CPU.Build.0 = Release|Any CPU
	EndGlobalSection
	GlobalSection(SolutionProperties) = preSolution
		HideSolutionNode = FALSE
	EndGlobalSection
	GlobalSection(ExtensibilityGlobals) = postSolution
		SolutionGuid = {6136755F-9321-43EB-BB3E-F7C736E90FE0}
	EndGlobalSection
EndGlobal
